
Microsoft Visual Studio Solution File, Format Version 12.00
# Visual Studio 14
VisualStudioVersion = 14.0.25420.1
MinimumVisualStudioVersion = 10.0.40219.1
Project("{FAE04EC0-301F-11D3-BF4B-00C04F79EFBC}") = "TestBus", "TestBus\TestBus.csproj", "{350F0C55-F56A-4C39-8BC1-50B1AD3EEEFC}"
EndProject
Project("{FAE04EC0-301F-11D3-BF4B-00C04F79EFBC}") = "TestBus.Commands", "TestBus.Commands\TestBus.Commands.csproj", "{8A443A72-A1E9-404B-8287-E639B07C8D0C}"
EndProject
Global
	GlobalSection(SolutionConfigurationPlatforms) = preSolution
		Debug|Any CPU = Debug|Any CPU
		Release|Any CPU = Release|Any CPU
	EndGlobalSection
	GlobalSection(ProjectConfigurationPlatforms) = postSolution
		{350F0C55-F56A-4C39-8BC1-50B1AD3EEEFC}.Debug|Any CPU.ActiveCfg = Debug|Any CPU
		{350F0C55-F56A-4C39-8BC1-50B1AD3EEEFC}.Debug|Any CPU.Build.0 = Debug|Any CPU
		{350F0C55-F56A-4C39-8BC1-50B1AD3EEEFC}.Release|Any CPU.ActiveCfg = Release|Any CPU
		{350F0C55-F56A-4C39-8BC1-50B1AD3EEEFC}.Release|Any CPU.Build.0 = Release|Any CPU
		{8A443A72-A1E9-404B-8287-E639B07C8D0C}.Debug|Any CPU.ActiveCfg = Debug|Any CPU
		{8A443A72-A1E9-404B-8287-E639B07C8D0C}.Debug|Any CPU.Build.0 = Debug|Any CPU
		{8A443A72-A1E9-404B-8287-E639B07C8D0C}.Release|Any CPU.ActiveCfg = Release|Any CPU
		{8A443A72-A1E9-404B-8287-E639B07C8D0C}.Release|Any CPU.Build.0 = Release|Any CPU
	EndGlobalSection
	GlobalSection(SolutionProperties) = preSolution
		HideSolutionNode = FALSE
	EndGlobalSection
EndGlobal
